
Microsoft Visual Studio Solution File, Format Version 12.00
# Visual Studio Version 16
VisualStudioVersion = 16.0.31205.134
MinimumVisualStudioVersion = 10.0.40219.1
Project("{FAE04EC0-301F-11D3-BF4B-00C04F79EFBC}") = "ExceptionChallenge", "ExceptionChallenge.csproj", "{D2BFF7E6-5535-45DC-8AD1-DDAFFDD197C3}"
EndProject
Global
	GlobalSection(SolutionConfigurationPlatforms) = preSolution
		Debug|Any CPU = Debug|Any CPU
		Release|Any CPU = Release|Any CPU
	EndGlobalSection
	GlobalSection(ProjectConfigurationPlatforms) = postSolution
		{D2BFF7E6-5535-45DC-8AD1-DDAFFDD197C3}.Debug|Any CPU.ActiveCfg = Debug|Any CPU
		{D2BFF7E6-5535-45DC-8AD1-DDAFFDD197C3}.Debug|Any CPU.Build.0 = Debug|Any CPU
		{D2BFF7E6-5535-45DC-8AD1-DDAFFDD197C3}.Release|Any CPU.ActiveCfg = Release|Any CPU
		{D2BFF7E6-5535-45DC-8AD1-DDAFFDD197C3}.Release|Any CPU.Build.0 = Release|Any CPU
	EndGlobalSection
	GlobalSection(SolutionProperties) = preSolution
		HideSolutionNode = FALSE
	EndGlobalSection
	GlobalSection(ExtensibilityGlobals) = postSolution
		SolutionGuid = {E7DC26F1-4354-40A6-BCBD-B8CCEC19E538}
	EndGlobalSection
EndGlobal
